
Microsoft Visual Studio Solution File, Format Version 12.00
# Visual Studio 15
VisualStudioVersion = 15.0.28010.2016
MinimumVisualStudioVersion = 10.0.40219.1
Project("{FAE04EC0-301F-11D3-BF4B-00C04F79EFBC}") = "BinaryHexConverter", "BinaryHexConverter\BinaryHexConverter.csproj", "{6DDD498D-5755-4DBB-A227-1C14C5174C42}"
EndProject
Global
	GlobalSection(SolutionConfigurationPlatforms) = preSolution
		Debug|Any CPU = Debug|Any CPU
		Release|Any CPU = Release|Any CPU
	EndGlobalSection
	GlobalSection(ProjectConfigurationPlatforms) = postSolution
		{6DDD498D-5755-4DBB-A227-1C14C5174C42}.Debug|Any CPU.ActiveCfg = Debug|Any CPU
		{6DDD498D-5755-4DBB-A227-1C14C5174C42}.Debug|Any CPU.Build.0 = Debug|Any CPU
		{6DDD498D-5755-4DBB-A227-1C14C5174C42}.Release|Any CPU.ActiveCfg = Release|Any CPU
		{6DDD498D-5755-4DBB-A227-1C14C5174C42}.Release|Any CPU.Build.0 = Release|Any CPU
	EndGlobalSection
	GlobalSection(SolutionProperties) = preSolution
		HideSolutionNode = FALSE
	EndGlobalSection
	GlobalSection(ExtensibilityGlobals) = postSolution
		SolutionGuid = {E1E38DE4-23A1-4E4E-BC50-7BA9375E5ED0}
	EndGlobalSection
EndGlobal
